dependencies:
  espressif/mdns:
    component_hash: 291732b5df4d181eb75eba9042799a508c4c124503a0c0573132a0a48d2e3fbe
    dependencies:
    - name: idf
      require: private
      version: '>=5.0'
    source:
      registry_url: https://components.espressif.com/
      type: service
    version: 1.11.2
  idf:
    source:
      type: idf
    version: 5.4.0
direct_dependencies:
- espressif/mdns
- idf
manifest_hash: 5d9a53a65d5c92e1a4443b2aaebf12cce6d1e8d64bc4e56d4f221f8dc7e34fa8
target: esp32s3
version: 2.0.0
